// !$*UTF8*$!
{
	archiveVersion = 1;
	classes = {
	};
	objectVersion = 50;
	objects = {

/* Begin PBXBuildFile section */
		9D79704C2192C52700CFEDDB /* AppDelegate.m in Sources */ = {isa = PBXBuildFile; fileRef = 9D79704B2192C52700CFEDDB /* AppDelegate.m */; };
		9D79704F2192C52700CFEDDB /* ViewController.m in Sources */ = {isa = PBXBuildFile; fileRef = 9D79704E2192C52700CFEDDB /* ViewController.m */; };
		9D7970522192C52700CFEDDB /* Main.storyboard in Resources */ = {isa = PBXBuildFile; fileRef = 9D7970502192C52700CFEDDB /* Main.storyboard */; };
		9D7970542192C52900CFEDDB /* Assets.xcassets in Resources */ = {isa = PBXBuildFile; fileRef = 9D7970532192C52900CFEDDB /* Assets.xcassets */; };
		9D7970572192C52900CFEDDB /* LaunchScreen.storyboard in Resources */ = {isa = PBXBuildFile; fileRef = 9D7970552192C52900CFEDDB /* LaunchScreen.storyboard */; };
		9D79705A2192C52900CFEDDB /* main.m in Sources */ = {isa = PBXBuildFile; fileRef = 9D7970592192C52900CFEDDB /* main.m */; };
		9D7970692192C67B00CFEDDB /* UIImage+Category.m in Sources */ = {isa = PBXBuildFile; fileRef = 9D7970682192C67B00CFEDDB /* UIImage+Category.m */; };
		9D79706D2192D91700CFEDDB /* NSObject+Category.m in Sources */ = {isa = PBXBuildFile; fileRef = 9D79706C2192D91700CFEDDB /* NSObject+Category.m */; };
		9D79707321941C6100CFEDDB /* Person.m in Sources */ = {isa = PBXBuildFile; fileRef = 9D79707221941C6100CFEDDB /* Person.m */; };
		9D797076219424D500CFEDDB /* NSObject+Extension.m in Sources */ = {isa = PBXBuildFile; fileRef = 9D797075219424D500CFEDDB /* NSObject+Extension.m */; };
		9D79707C219431D000CFEDDB /* Car.m in Sources */ = {isa = PBXBuildFile; fileRef = 9D79707B219431D000CFEDDB /* Car.m */; };
		9D79708021943A4700CFEDDB /* NSObject+JSONExtension.m in Sources */ = {isa = PBXBuildFile; fileRef = 9D79707F21943A4700CFEDDB /* NSObject+JSONExtension.m */; };
/* End PBXBuildFile section */

/* Begin PBXFileReference section */
		9D7970472192C52700CFEDDB /* YTRunTimeDemo.app */ = {isa = PBXFileReference; explicitFileType = wrapper.application; includeInIndex = 0; path = YTRunTimeDemo.app; sourceTree = BUILT_PRODUCTS_DIR; };
		9D79704A2192C52700CFEDDB /* AppDelegate.h */ = {isa = PBXFileReference; lastKnownFileType = sourcecode.c.h; path = AppDelegate.h; sourceTree = "<group>"; };
		9D79704B2192C52700CFEDDB /* AppDelegate.m */ = {isa = PBXFileReference; lastKnownFileType = sourcecode.c.objc; path = AppDelegate.m; sourceTree = "<group>"; };
		9D79704D2192C52700CFEDDB /* ViewController.h */ = {isa = PBXFileReference; lastKnownFileType = sourcecode.c.h; path = ViewController.h; sourceTree = "<group>"; };
		9D79704E2192C52700CFEDDB /* ViewController.m */ = {isa = PBXFileReference; lastKnownFileType = sourcecode.c.objc; path = ViewController.m; sourceTree = "<group>"; };
		9D7970512192C52700CFEDDB /* Base */ = {isa = PBXFileReference; lastKnownFileType = file.storyboard; name = Base; path = Base.lproj/Main.storyboard; sourceTree = "<group>"; };
		9D7970532192C52900CFEDDB /* Assets.xcassets */ = {isa = PBXFileReference; lastKnownFileType = folder.assetcatalog; path = Assets.xcassets; sourceTree = "<group>"; };
		9D7970562192C52900CFEDDB /* Base */ = {isa = PBXFileReference; lastKnownFileType = file.storyboard; name = Base; path = Base.lproj/LaunchScreen.storyboard; sourceTree = "<group>"; };
		9D7970582192C52900CFEDDB /* Info.plist */ = {isa = PBXFileReference; lastKnownFileType = text.plist.xml; path = Info.plist; sourceTree = "<group>"; };
		9D7970592192C52900CFEDDB /* main.m */ = {isa = PBXFileReference; lastKnownFileType = sourcecode.c.objc; path = main.m; sourceTree = "<group>"; };
		9D7970672192C67B00CFEDDB /* UIImage+Category.h */ = {isa = PBXFileReference; lastKnownFileType = sourcecode.c.h; path = "UIImage+Category.h"; sourceTree = "<group>"; };
		9D7970682192C67B00CFEDDB /* UIImage+Category.m */ = {isa = PBXFileReference; lastKnownFileType = sourcecode.c.objc; path = "UIImage+Category.m"; sourceTree = "<group>"; };
		9D79706B2192D91700CFEDDB /* NSObject+Category.h */ = {isa = PBXFileReference; lastKnownFileType = sourcecode.c.h; path = "NSObject+Category.h"; sourceTree = "<group>"; };
		9D79706C2192D91700CFEDDB /* NSObject+Category.m */ = {isa = PBXFileReference; lastKnownFileType = sourcecode.c.objc; path = "NSObject+Category.m"; sourceTree = "<group>"; };
		9D79707121941C6100CFEDDB /* Person.h */ = {isa = PBXFileReference; lastKnownFileType = sourcecode.c.h; path = Person.h; sourceTree = "<group>"; };
		9D79707221941C6100CFEDDB /* Person.m */ = {isa = PBXFileReference; lastKnownFileType = sourcecode.c.objc; path = Person.m; sourceTree = "<group>"; };
		9D797074219424D500CFEDDB /* NSObject+Extension.h */ = {isa = PBXFileReference; lastKnownFileType = sourcecode.c.h; path = "NSObject+Extension.h"; sourceTree = "<group>"; };
		9D797075219424D500CFEDDB /* NSObject+Extension.m */ = {isa = PBXFileReference; lastKnownFileType = sourcecode.c.objc; path = "NSObject+Extension.m"; sourceTree = "<group>"; };
		9D79707A219431D000CFEDDB /* Car.h */ = {isa = PBXFileReference; lastKnownFileType = sourcecode.c.h; path = Car.h; sourceTree = "<group>"; };
		9D79707B219431D000CFEDDB /* Car.m */ = {isa = PBXFileReference; lastKnownFileType = sourcecode.c.objc; path = Car.m; sourceTree = "<group>"; };
		9D79707E21943A4700CFEDDB /* NSObject+JSONExtension.h */ = {isa = PBXFileReference; lastKnownFileType = sourcecode.c.h; path = "NSObject+JSONExtension.h"; sourceTree = "<group>"; };
		9D79707F21943A4700CFEDDB /* NSObject+JSONExtension.m */ = {isa = PBXFileReference; lastKnownFileType = sourcecode.c.objc; path = "NSObject+JSONExtension.m"; sourceTree = "<group>"; };
/* End PBXFileReference section */

/* Begin PBXFrameworksBuildPhase section */
		9D7970442192C52700CFEDDB /* Frameworks */ = {
			isa = PBXFrameworksBuildPhase;
			buildActionMask = 2147483647;
			files = (
			);
			runOnlyForDeploymentPostprocessing = 0;
		};
/* End PBXFrameworksBuildPhase section */

/* Begin PBXGroup section */
		9D79703E2192C52700CFEDDB = {
			isa = PBXGroup;
			children = (
				9D7970492192C52700CFEDDB /* YTRunTimeDemo */,
				9D7970482192C52700CFEDDB /* Products */,
			);
			sourceTree = "<group>";
		};
		9D7970482192C52700CFEDDB /* Products */ = {
			isa = PBXGroup;
			children = (
				9D7970472192C52700CFEDDB /* YTRunTimeDemo.app */,
			);
			name = Products;
			sourceTree = "<group>";
		};
		9D7970492192C52700CFEDDB /* YTRunTimeDemo */ = {
			isa = PBXGroup;
			children = (
				9D7970602192C56500CFEDDB /* 方法交换 */,
				9D79706A2192D90100CFEDDB /* 分类添加属性_关联对象 */,
				9D79707021941C1E00CFEDDB /* 获取类所有成员变量_归解档 */,
				9D79707D21943A0500CFEDDB /* 字典转模型 */,
				9D79704A2192C52700CFEDDB /* AppDelegate.h */,
				9D79704B2192C52700CFEDDB /* AppDelegate.m */,
				9D79704D2192C52700CFEDDB /* ViewController.h */,
				9D79704E2192C52700CFEDDB /* ViewController.m */,
				9D7970502192C52700CFEDDB /* Main.storyboard */,
				9D7970532192C52900CFEDDB /* Assets.xcassets */,
				9D7970552192C52900CFEDDB /* LaunchScreen.storyboard */,
				9D7970582192C52900CFEDDB /* Info.plist */,
				9D7970592192C52900CFEDDB /* main.m */,
			);
			path = YTRunTimeDemo;
			sourceTree = "<group>";
		};
		9D7970602192C56500CFEDDB /* 方法交换 */ = {
			isa = PBXGroup;
			children = (
				9D7970672192C67B00CFEDDB /* UIImage+Category.h */,
				9D7970682192C67B00CFEDDB /* UIImage+Category.m */,
			);
			path = "方法交换";
			sourceTree = "<group>";
		};
		9D79706A2192D90100CFEDDB /* 分类添加属性_关联对象 */ = {
			isa = PBXGroup;
			children = (
				9D79706B2192D91700CFEDDB /* NSObject+Category.h */,
				9D79706C2192D91700CFEDDB /* NSObject+Category.m */,
			);
			path = "分类添加属性_关联对象";
			sourceTree = "<group>";
		};
		9D79707021941C1E00CFEDDB /* 获取类所有成员变量_归解档 */ = {
			isa = PBXGroup;
			children = (
				9D79707121941C6100CFEDDB /* Person.h */,
				9D79707221941C6100CFEDDB /* Person.m */,
				9D797074219424D500CFEDDB /* NSObject+Extension.h */,
				9D797075219424D500CFEDDB /* NSObject+Extension.m */,
				9D79707A219431D000CFEDDB /* Car.h */,
				9D79707B219431D000CFEDDB /* Car.m */,
			);
			path = "获取类所有成员变量_归解档";
			sourceTree = "<group>";
		};
		9D79707D21943A0500CFEDDB /* 字典转模型 */ = {
			isa = PBXGroup;
			children = (
				9D79707E21943A4700CFEDDB /* NSObject+JSONExtension.h */,
				9D79707F21943A4700CFEDDB /* NSObject+JSONExtension.m */,
			);
			path = "字典转模型";
			sourceTree = "<group>";
		};
/* End PBXGroup section */

/* Begin PBXNativeTarget section */
		9D7970462192C52700CFEDDB /* YTRunTimeDemo */ = {
			isa = PBXNativeTarget;
			buildConfigurationList = 9D79705D2192C52900CFEDDB /* Build configuration list for PBXNativeTarget "YTRunTimeDemo" */;
			buildPhases = (
				9D7970432192C52700CFEDDB /* Sources */,
				9D7970442192C52700CFEDDB /* Frameworks */,
				9D7970452192C52700CFEDDB /* Resources */,
			);
			buildRules = (
			);
			dependencies = (
			);
			name = YTRunTimeDemo;
			productName = YTRunTimeDemo;
			productReference = 9D7970472192C52700CFEDDB /* YTRunTimeDemo.app */;
			productType = "com.apple.product-type.application";
		};
/* End PBXNativeTarget section */

/* Begin PBXProject section */
		9D79703F2192C52700CFEDDB /* Project object */ = {
			isa = PBXProject;
			attributes = {
				LastUpgradeCheck = 1000;
				ORGANIZATIONNAME = YT;
				TargetAttributes = {
					9D7970462192C52700CFEDDB = {
						CreatedOnToolsVersion = 10.0;
					};
				};
			};
			buildConfigurationList = 9D7970422192C52700CFEDDB /* Build configuration list for PBXProject "YTRunTimeDemo" */;
			compatibilityVersion = "Xcode 9.3";
			developmentRegion = en;
			hasScannedForEncodings = 0;
			knownRegions = (
				en,
				Base,
			);
			mainGroup = 9D79703E2192C52700CFEDDB;
			productRefGroup = 9D7970482192C52700CFEDDB /* Products */;
			projectDirPath = "";
			projectRoot = "";
			targets = (
				9D7970462192C52700CFEDDB /* YTRunTimeDemo */,
			);
		};
/* End PBXProject section */

/* Begin PBXResourcesBuildPhase section */
		9D7970452192C52700CFEDDB /* Resources */ = {
			isa = PBXResourcesBuildPhase;
			buildActionMask = 2147483647;
			files = (
				9D7970572192C52900CFEDDB /* LaunchScreen.storyboard in Resources */,
				9D7970542192C52900CFEDDB /* Assets.xcassets in Resources */,
				9D7970522192C52700CFEDDB /* Main.storyboard in Resources */,
			);
			runOnlyForDeploymentPostprocessing = 0;
		};
/* End PBXResourcesBuildPhase section */

/* Begin PBXSourcesBuildPhase section */
		9D7970432192C52700CFEDDB /* Sources */ = {
			isa = PBXSourcesBuildPhase;
			buildActionMask = 2147483647;
			files = (
				9D79707321941C6100CFEDDB /* Person.m in Sources */,
				9D79704F2192C52700CFEDDB /* ViewController.m in Sources */,
				9D79705A2192C52900CFEDDB /* main.m in Sources */,
				9D79706D2192D91700CFEDDB /* NSObject+Category.m in Sources */,
				9D79704C2192C52700CFEDDB /* AppDelegate.m in Sources */,
				9D79708021943A4700CFEDDB /* NSObject+JSONExtension.m in Sources */,
				9D797076219424D500CFEDDB /* NSObject+Extension.m in Sources */,
				9D79707C219431D000CFEDDB /* Car.m in Sources */,
				9D7970692192C67B00CFEDDB /* UIImage+Category.m in Sources */,
			);
			runOnlyForDeploymentPostprocessing = 0;
		};
/* End PBXSourcesBuildPhase section */

/* Begin PBXVariantGroup section */
		9D7970502192C52700CFEDDB /* Main.storyboard */ = {
			isa = PBXVariantGroup;
			children = (
				9D7970512192C52700CFEDDB /* Base */,
			);
			name = Main.storyboard;
			sourceTree = "<group>";
		};
		9D7970552192C52900CFEDDB /* LaunchScreen.storyboard */ = {
			isa = PBXVariantGroup;
			children = (
				9D7970562192C52900CFEDDB /* Base */,
			);
			name = LaunchScreen.storyboard;
			sourceTree = "<group>";
		};
/* End PBXVariantGroup section */

/* Begin XCBuildConfiguration section */
		9D79705B2192C52900CFEDDB /* Debug */ = {
			isa = XCBuildConfiguration;
			buildSettings = {
				ALWAYS_SEARCH_USER_PATHS = NO;
				CLANG_ANALYZER_NONNULL = YES;
				CLANG_ANALYZER_NUMBER_OBJECT_CONVERSION = YES_AGGRESSIVE;
				CLANG_CXX_LANGUAGE_STANDARD = "gnu++14";
				CLANG_CXX_LIBRARY = "libc++";
				CLANG_ENABLE_MODULES = YES;
				CLANG_ENABLE_OBJC_ARC = YES;
				CLANG_ENABLE_OBJC_WEAK = YES;
				CLANG_WARN_BLOCK_CAPTURE_AUTORELEASING = YES;
				CLANG_WARN_BOOL_CONVERSION = YES;
				CLANG_WARN_COMMA = YES;
				CLANG_WARN_CONSTANT_CONVERSION = YES;
				CLANG_WARN_DEPRECATED_OBJC_IMPLEMENTATIONS = YES;
				CLANG_WARN_DIRECT_OBJC_ISA_USAGE = YES_ERROR;
				CLANG_WARN_DOCUMENTATION_COMMENTS = YES;
				CLANG_WARN_EMPTY_BODY = YES;
				CLANG_WARN_ENUM_CONVERSION = YES;
				CLANG_WARN_INFINITE_RECURSION = YES;
				CLANG_WARN_INT_CONVERSION = YES;
				CLANG_WARN_NON_LITERAL_NULL_CONVERSION = YES;
				CLANG_WARN_OBJC_IMPLICIT_RETAIN_SELF = YES;
				CLANG_WARN_OBJC_LITERAL_CONVERSION = YES;
				CLANG_WARN_OBJC_ROOT_CLASS = YES_ERROR;
				CLANG_WARN_RANGE_LOOP_ANALYSIS = YES;
				CLANG_WARN_STRICT_PROTOTYPES = YES;
				CLANG_WARN_SUSPICIOUS_MOVE = YES;
				CLANG_WARN_UNGUARDED_AVAILABILITY = YES_AGGRESSIVE;
				CLANG_WARN_UNREACHABLE_CODE = YES;
				CLANG_WARN__DUPLICATE_METHOD_MATCH = YES;
				CODE_SIGN_IDENTITY = "iPhone Developer";
				COPY_PHASE_STRIP = NO;
				DEBUG_INFORMATION_FORMAT = dwarf;
				ENABLE_STRICT_OBJC_MSGSEND = YES;
				ENABLE_TESTABILITY = YES;
				GCC_C_LANGUAGE_STANDARD = gnu11;
				GCC_DYNAMIC_NO_PIC = NO;
				GCC_NO_COMMON_BLOCKS = YES;
				GCC_OPTIMIZATION_LEVEL = 0;
				GCC_PREPROCESSOR_DEFINITIONS = (
					"DEBUG=1",
					"$(inherited)",
				);
				GCC_WARN_64_TO_32_BIT_CONVERSION = YES;
				GCC_WARN_ABOUT_RETURN_TYPE = YES_ERROR;
				GCC_WARN_UNDECLARED_SELECTOR = YES;
				GCC_WARN_UNINITIALIZED_AUTOS = YES_AGGRESSIVE;
				GCC_WARN_UNUSED_FUNCTION = YES;
				GCC_WARN_UNUSED_VARIABLE = YES;
				IPHONEOS_DEPLOYMENT_TARGET = 12.0;
				MTL_ENABLE_DEBUG_INFO = INCLUDE_SOURCE;
				MTL_FAST_MATH = YES;
				ONLY_ACTIVE_ARCH = YES;
				SDKROOT = iphoneos;
			};
			name = Debug;
		};
		9D79705C2192C52900CFEDDB /* Release */ = {
			isa = XCBuildConfiguration;
			buildSettings = {
				ALWAYS_SEARCH_USER_PATHS = NO;
				CLANG_ANALYZER_NONNULL = YES;
				CLANG_ANALYZER_NUMBER_OBJECT_CONVERSION = YES_AGGRESSIVE;
				CLANG_CXX_LANGUAGE_STANDARD = "gnu++14";
				CLANG_CXX_LIBRARY = "libc++";
				CLANG_ENABLE_MODULES = YES;
				CLANG_ENABLE_OBJC_ARC = YES;
				CLANG_ENABLE_OBJC_WEAK = YES;
				CLANG_WARN_BLOCK_CAPTURE_AUTORELEASING = YES;
				CLANG_WARN_BOOL_CONVERSION = YES;
				CLANG_WARN_COMMA = YES;
				CLANG_WARN_CONSTANT_CONVERSION = YES;
				CLANG_WARN_DEPRECATED_OBJC_IMPLEMENTATIONS = YES;
				CLANG_WARN_DIRECT_OBJC_ISA_USAGE = YES_ERROR;
				CLANG_WARN_DOCUMENTATION_COMMENTS = YES;
				CLANG_WARN_EMPTY_BODY = YES;
				CLANG_WARN_ENUM_CONVERSION = YES;
				CLANG_WARN_INFINITE_RECURSION = YES;
				CLANG_WARN_INT_CONVERSION = YES;
				CLANG_WARN_NON_LITERAL_NULL_CONVERSION = YES;
				CLANG_WARN_OBJC_IMPLICIT_RETAIN_SELF = YES;
				CLANG_WARN_OBJC_LITERAL_CONVERSION = YES;
				CLANG_WARN_OBJC_ROOT_CLASS = YES_ERROR;
				CLANG_WARN_RANGE_LOOP_ANALYSIS = YES;
				CLANG_WARN_STRICT_PROTOTYPES = YES;
				CLANG_WARN_SUSPICIOUS_MOVE = YES;
				CLANG_WARN_UNGUARDED_AVAILABILITY = YES_AGGRESSIVE;
				CLANG_WARN_UNREACHABLE_CODE = YES;
				CLANG_WARN__DUPLICATE_METHOD_MATCH = YES;
				CODE_SIGN_IDENTITY = "iPhone Developer";
				COPY_PHASE_STRIP = NO;
				DEBUG_INFORMATION_FORMAT = "dwarf-with-dsym";
				ENABLE_NS_ASSERTIONS = NO;
				ENABLE_STRICT_OBJC_MSGSEND = YES;
				GCC_C_LANGUAGE_STANDARD = gnu11;
				GCC_NO_COMMON_BLOCKS = YES;
				GCC_WARN_64_TO_32_BIT_CONVERSION = YES;
				GCC_WARN_ABOUT_RETURN_TYPE = YES_ERROR;
				GCC_WARN_UNDECLARED_SELECTOR = YES;
				GCC_WARN_UNINITIALIZED_AUTOS = YES_AGGRESSIVE;
				GCC_WARN_UNUSED_FUNCTION = YES;
				GCC_WARN_UNUSED_VARIABLE = YES;
				IPHONEOS_DEPLOYMENT_TARGET = 12.0;
				MTL_ENABLE_DEBUG_INFO = NO;
				MTL_FAST_MATH = YES;
				SDKROOT = iphoneos;
				VALIDATE_PRODUCT = YES;
			};
			name = Release;
		};
		9D79705E2192C52900CFEDDB /* Debug */ = {
			isa = XCBuildConfiguration;
			buildSettings = {
				ASSETCATALOG_COMPILER_APPICON_NAME = AppIcon;
				CODE_SIGN_STYLE = Automatic;
				DEVELOPMENT_TEAM = DVV26PCWLE;
				INFOPLIST_FILE = YTRunTimeDemo/Info.plist;
				LD_RUNPATH_SEARCH_PATHS = (
					"$(inherited)",
					"@executable_path/Frameworks",
				);
				PRODUCT_BUNDLE_IDENTIFIER = com.yt.CropImageTest.YTRunTimeDemo;
				PRODUCT_NAME = "$(TARGET_NAME)";
				TARGETED_DEVICE_FAMILY = "1,2";
			};
			name = Debug;
		};
		9D79705F2192C52900CFEDDB /* Release */ = {
			isa = XCBuildConfiguration;
			buildSettings = {
				ASSETCATALOG_COMPILER_APPICON_NAME = AppIcon;
				CODE_SIGN_STYLE = Automatic;
				DEVELOPMENT_TEAM = DVV26PCWLE;
				INFOPLIST_FILE = YTRunTimeDemo/Info.plist;
				LD_RUNPATH_SEARCH_PATHS = (
					"$(inherited)",
					"@executable_path/Frameworks",
				);
				PRODUCT_BUNDLE_IDENTIFIER = com.yt.CropImageTest.YTRunTimeDemo;
				PRODUCT_NAME = "$(TARGET_NAME)";
				TARGETED_DEVICE_FAMILY = "1,2";
			};
			name = Release;
		};
/* End XCBuildConfiguration section */

/* Begin XCConfigurationList section */
		9D7970422192C52700CFEDDB /* Build configuration list for PBXProject "YTRunTimeDemo" */ = {
			isa = XCConfigurationList;
			buildConfigurations = (
				9D79705B2192C52900CFEDDB /* Debug */,
				9D79705C2192C52900CFEDDB /* Release */,
			);
			defaultConfigurationIsVisible = 0;
			defaultConfigurationName = Release;
		};
		9D79705D2192C52900CFEDDB /* Build configuration list for PBXNativeTarget "YTRunTimeDemo" */ = {
			isa = XCConfigurationList;
			buildConfigurations = (
				9D79705E2192C52900CFEDDB /* Debug */,
				9D79705F2192C52900CFEDDB /* Release */,
			);
			defaultConfigurationIsVisible = 0;
			defaultConfigurationName = Release;
		};
/* End XCConfigurationList section */
	};
	rootObject = 9D79703F2192C52700CFEDDB /* Project object */;
}
